Microsoft Visual Studio Solution File, Format Version 12.00
# Visual Studio Version 17
VisualStudioVersion = 17.0.31903.59
MinimumVisualStudioVersion = 10.0.40219.1

Project("{2150E333-8FDC-42A3-9474-1A3956D46DE8}") = "src", "src", "{8BB2717D-0F02-4D5E-BDFE-E7EBC3A7A1F8}"
EndProject
Project("{2150E333-8FDC-42A3-9474-1A3956D46DE8}") = "Services", "Services", "{7C4F1A2E-3D4B-4B5F-9E8A-1C5D7E9F2A3B}"
EndProject
Project("{2150E333-8FDC-42A3-9474-1A3956D46DE8}") = "Shared", "Shared", "{6B8A9C1D-2E3F-4C5D-8E9F-0A1B2C3D4E5F}"
EndProject
Project("{2150E333-8FDC-42A3-9474-1A3956D46DE8}") = "Infrastructure", "Infrastructure", "{5A7B8C9D-1E2F-3A4B-7C8D-9E0F1A2B3C4D}"
EndProject
Project("{2150E333-8FDC-42A3-9474-1A3956D46DE8}") = "Tests", "Tests", "{4F6A7B8C-0D1E-2F3A-6B7C-8D9E0F1A2B3C}"
EndProject
Project("{2150E333-8FDC-42A3-9474-1A3956D46DE8}") = "MemberServices", "MemberServices", "{3E5F6A7B-9C0D-1E2F-5A6B-7C8D9E0F1A2B}"
EndProject
Project("{2150E333-8FDC-42A3-9474-1A3956D46DE8}") = "LoansUnderwriting", "LoansUnderwriting", "{2D4E5F6A-8B9C-0D1E-4F5A-6B7C8D9E0F1A}"
EndProject
Project("{2150E333-8FDC-42A3-9474-1A3956D46DE8}") = "Payments", "Payments", "{1C3D4E5F-7A8B-9C0D-3E4F-5A6B7C8D9E0F}"
EndProject
Project("{2150E333-8FDC-42A3-9474-1A3956D46DE8}") = "FraudRisk", "FraudRisk", "{0B2C3D4E-6F7A-8B9C-2D3E-4F5A6B7C8D9E}"
EndProject

# Member Services Projects
Project("{9A19103F-16F7-4668-BE54-9A1E7A4F7556}") = "MemberServices.API", "src\Services\MemberServices\MemberServices.API\MemberServices.API.csproj", "{F1E2D3C4-B5A6-9788-0C1D-2E3F4A5B6C7D}"
EndProject
Project("{9A19103F-16F7-4668-BE54-9A1E7A4F7556}") = "MemberServices.Domain", "src\Services\MemberServices\MemberServices.Domain\MemberServices.Domain.csproj", "{E0D1C2B3-A495-8677-9B0C-1D2E3F4A5B6C}"
EndProject
Project("{9A19103F-16F7-4668-BE54-9A1E7A4F7556}") = "MemberServices.Application", "src\Services\MemberServices\MemberServices.Application\MemberServices.Application.csproj", "{D9C0B1A2-9384-7566-8A9B-0C1D2E3F4A5B}"
EndProject
Project("{9A19103F-16F7-4668-BE54-9A1E7A4F7556}") = "MemberServices.Infrastructure", "src\Services\MemberServices\MemberServices.Infrastructure\MemberServices.Infrastructure.csproj", "{C8B9A0D1-8273-6455-7980-9A0B1C2D3E4F}"
EndProject

# Loans Underwriting Projects
Project("{9A19103F-16F7-4668-BE54-9A1E7A4F7556}") = "LoansUnderwriting.API", "src\Services\LoansUnderwriting\LoansUnderwriting.API\LoansUnderwriting.API.csproj", "{B7A8D9C0-7162-5344-6879-809A1B2C3D4E}"
EndProject
Project("{9A19103F-16F7-4668-BE54-9A1E7A4F7556}") = "LoansUnderwriting.Domain", "src\Services\LoansUnderwriting\LoansUnderwriting.Domain\LoansUnderwriting.Domain.csproj", "{A6D7C8B9-6051-4233-5768-7089A0B1C2D3}"
EndProject
Project("{9A19103F-16F7-4668-BE54-9A1E7A4F7556}") = "LoansUnderwriting.Application", "src\Services\LoansUnderwriting\LoansUnderwriting.Application\LoansUnderwriting.Application.csproj", "{95C6B7A8-4F40-3122-4657-6078909A0B1C}"
EndProject
Project("{9A19103F-16F7-4668-BE54-9A1E7A4F7556}") = "LoansUnderwriting.Infrastructure", "src\Services\LoansUnderwriting\LoansUnderwriting.Infrastructure\LoansUnderwriting.Infrastructure.csproj", "{84B5A6D7-3E2F-2011-3546-5067808990A0}"
EndProject

# Payments Projects
Project("{9A19103F-16F7-4668-BE54-9A1E7A4F7556}") = "Payments.API", "src\Services\Payments\Payments.API\Payments.API.csproj", "{73A4D5C6-2D1E-0F00-2435-4056707880909}"
EndProject
Project("{9A19103F-16F7-4668-BE54-9A1E7A4F7556}") = "Payments.Domain", "src\Services\Payments\Payments.Domain\Payments.Domain.csproj", "{6293B4A5-1C0D-9E8F-1324-3045606770808}"
EndProject
Project("{9A19103F-16F7-4668-BE54-9A1E7A4F7556}") = "Payments.Application", "src\Services\Payments\Payments.Application\Payments.Application.csproj", "{5182A394-0B9C-8D7E-0213-2034505660707}"
EndProject
Project("{9A19103F-16F7-4668-BE54-9A1E7A4F7556}") = "Payments.Infrastructure", "src\Services\Payments\Payments.Infrastructure\Payments.Infrastructure.csproj", "{4071A283-9A8B-7C6D-9102-1023404550606}"
EndProject

# Fraud Risk Projects
Project("{9A19103F-16F7-4668-BE54-9A1E7A4F7556}") = "FraudRisk.API", "src\Services\FraudRisk\FraudRisk.API\FraudRisk.API.csproj", "{3960B172-8970-6B5C-8091-0012303440505}"
EndProject
Project("{9A19103F-16F7-4668-BE54-9A1E7A4F7556}") = "FraudRisk.Domain", "src\Services\FraudRisk\FraudRisk.Domain\FraudRisk.Domain.csproj", "{284FA061-785F-5A4B-7080-9001202330404}"
EndProject
Project("{9A19103F-16F7-4668-BE54-9A1E7A4F7556}") = "FraudRisk.Application", "src\Services\FraudRisk\FraudRisk.Application\FraudRisk.Application.csproj", "{173E9F50-674E-493A-606F-8090101220303}"
EndProject
Project("{9A19103F-16F7-4668-BE54-9A1E7A4F7556}") = "FraudRisk.Infrastructure", "src\Services\FraudRisk\FraudRisk.Infrastructure\FraudRisk.Infrastructure.csproj", "{062D8E3F-563D-382F-505E-7089000110202}"
EndProject

# Shared Projects
Project("{9A19103F-16F7-4668-BE54-9A1E7A4F7556}") = "Shared.Common", "src\Shared\Common\Shared.Common.csproj", "{F51C2D3E-452C-271E-404D-6078909000101}"
EndProject
Project("{9A19103F-16F7-4668-BE54-9A1E7A4F7556}") = "Shared.Contracts", "src\Shared\Contracts\Shared.Contracts.csproj", "{E40B1C2D-341B-160D-303C-5067808990000}"
EndProject

# Infrastructure Projects
Project("{9A19103F-16F7-4668-BE54-9A1E7A4F7556}") = "Infrastructure.MessageBus", "src\Infrastructure\MessageBus\Infrastructure.MessageBus.csproj", "{D3FA0B1C-230A-05FC-202B-4056707880909}"
EndProject
Project("{9A19103F-16F7-4668-BE54-9A1E7A4F7556}") = "Infrastructure.Security", "src\Infrastructure\Security\Infrastructure.Security.csproj", "{C2E9FA0B-12F9-F4EB-101A-3045606770808}"
EndProject

Global
	GlobalSection(SolutionConfigurationPlatforms) = preSolution
		Debug|Any CPU = Debug|Any CPU
		Release|Any CPU = Release|Any CPU
	EndGlobalSection
	GlobalSection(ProjectConfigurationPlatforms) = postSolution
		{F1E2D3C4-B5A6-9788-0C1D-2E3F4A5B6C7D}.Debug|Any CPU.ActiveCfg = Debug|Any CPU
		{F1E2D3C4-B5A6-9788-0C1D-2E3F4A5B6C7D}.Debug|Any CPU.Build.0 = Debug|Any CPU
		{F1E2D3C4-B5A6-9788-0C1D-2E3F4A5B6C7D}.Release|Any CPU.ActiveCfg = Release|Any CPU
		{F1E2D3C4-B5A6-9788-0C1D-2E3F4A5B6C7D}.Release|Any CPU.Build.0 = Release|Any CPU
		{E0D1C2B3-A495-8677-9B0C-1D2E3F4A5B6C}.Debug|Any CPU.ActiveCfg = Debug|Any CPU
		{E0D1C2B3-A495-8677-9B0C-1D2E3F4A5B6C}.Debug|Any CPU.Build.0 = Debug|Any CPU
		{E0D1C2B3-A495-8677-9B0C-1D2E3F4A5B6C}.Release|Any CPU.ActiveCfg = Release|Any CPU
		{E0D1C2B3-A495-8677-9B0C-1D2E3F4A5B6C}.Release|Any CPU.Build.0 = Release|Any CPU
		{D9C0B1A2-9384-7566-8A9B-0C1D2E3F4A5B}.Debug|Any CPU.ActiveCfg = Debug|Any CPU
		{D9C0B1A2-9384-7566-8A9B-0C1D2E3F4A5B}.Debug|Any CPU.Build.0 = Debug|Any CPU
		{D9C0B1A2-9384-7566-8A9B-0C1D2E3F4A5B}.Release|Any CPU.ActiveCfg = Release|Any CPU
		{D9C0B1A2-9384-7566-8A9B-0C1D2E3F4A5B}.Release|Any CPU.Build.0 = Release|Any CPU
		{C8B9A0D1-8273-6455-7980-9A0B1C2D3E4F}.Debug|Any CPU.ActiveCfg = Debug|Any CPU
		{C8B9A0D1-8273-6455-7980-9A0B1C2D3E4F}.Debug|Any CPU.Build.0 = Debug|Any CPU
		{C8B9A0D1-8273-6455-7980-9A0B1C2D3E4F}.Release|Any CPU.ActiveCfg = Release|Any CPU
		{C8B9A0D1-8273-6455-7980-9A0B1C2D3E4F}.Release|Any CPU.Build.0 = Release|Any CPU
		{B7A8D9C0-7162-5344-6879-809A1B2C3D4E}.Debug|Any CPU.ActiveCfg = Debug|Any CPU
		{B7A8D9C0-7162-5344-6879-809A1B2C3D4E}.Debug|Any CPU.Build.0 = Debug|Any CPU
		{B7A8D9C0-7162-5344-6879-809A1B2C3D4E}.Release|Any CPU.ActiveCfg = Release|Any CPU
		{B7A8D9C0-7162-5344-6879-809A1B2C3D4E}.Release|Any CPU.Build.0 = Release|Any CPU
		{A6D7C8B9-6051-4233-5768-7089A0B1C2D3}.Debug|Any CPU.ActiveCfg = Debug|Any CPU
		{A6D7C8B9-6051-4233-5768-7089A0B1C2D3}.Debug|Any CPU.Build.0 = Debug|Any CPU
		{A6D7C8B9-6051-4233-5768-7089A0B1C2D3}.Release|Any CPU.ActiveCfg = Release|Any CPU
		{A6D7C8B9-6051-4233-5768-7089A0B1C2D3}.Release|Any CPU.Build.0 = Release|Any CPU
		{95C6B7A8-4F40-3122-4657-6078909A0B1C}.Debug|Any CPU.ActiveCfg = Debug|Any CPU
		{95C6B7A8-4F40-3122-4657-6078909A0B1C}.Debug|Any CPU.Build.0 = Debug|Any CPU
		{95C6B7A8-4F40-3122-4657-6078909A0B1C}.Release|Any CPU.ActiveCfg = Release|Any CPU
		{95C6B7A8-4F40-3122-4657-6078909A0B1C}.Release|Any CPU.Build.0 = Release|Any CPU
		{84B5A6D7-3E2F-2011-3546-5067808990A0}.Debug|Any CPU.ActiveCfg = Debug|Any CPU
		{84B5A6D7-3E2F-2011-3546-5067808990A0}.Debug|Any CPU.Build.0 = Debug|Any CPU
		{84B5A6D7-3E2F-2011-3546-5067808990A0}.Release|Any CPU.ActiveCfg = Release|Any CPU
		{84B5A6D7-3E2F-2011-3546-5067808990A0}.Release|Any CPU.Build.0 = Release|Any CPU
		{73A4D5C6-2D1E-0F00-2435-4056707880909}.Debug|Any CPU.ActiveCfg = Debug|Any CPU
		{73A4D5C6-2D1E-0F00-2435-4056707880909}.Debug|Any CPU.Build.0 = Debug|Any CPU
		{73A4D5C6-2D1E-0F00-2435-4056707880909}.Release|Any CPU.ActiveCfg = Release|Any CPU
		{73A4D5C6-2D1E-0F00-2435-4056707880909}.Release|Any CPU.Build.0 = Release|Any CPU
		{6293B4A5-1C0D-9E8F-1324-3045606770808}.Debug|Any CPU.ActiveCfg = Debug|Any CPU
		{6293B4A5-1C0D-9E8F-1324-3045606770808}.Debug|Any CPU.Build.0 = Debug|Any CPU
		{6293B4A5-1C0D-9E8F-1324-3045606770808}.Release|Any CPU.ActiveCfg = Release|Any CPU
		{6293B4A5-1C0D-9E8F-1324-3045606770808}.Release|Any CPU.Build.0 = Release|Any CPU
		{5182A394-0B9C-8D7E-0213-2034505660707}.Debug|Any CPU.ActiveCfg = Debug|Any CPU
		{5182A394-0B9C-8D7E-0213-2034505660707}.Debug|Any CPU.Build.0 = Debug|Any CPU
		{5182A394-0B9C-8D7E-0213-2034505660707}.Release|Any CPU.ActiveCfg = Release|Any CPU
		{5182A394-0B9C-8D7E-0213-2034505660707}.Release|Any CPU.Build.0 = Release|Any CPU
		{4071A283-9A8B-7C6D-9102-1023404550606}.Debug|Any CPU.ActiveCfg = Debug|Any CPU
		{4071A283-9A8B-7C6D-9102-1023404550606}.Debug|Any CPU.Build.0 = Debug|Any CPU
		{4071A283-9A8B-7C6D-9102-1023404550606}.Release|Any CPU.ActiveCfg = Release|Any CPU
		{4071A283-9A8B-7C6D-9102-1023404550606}.Release|Any CPU.Build.0 = Release|Any CPU
		{3960B172-8970-6B5C-8091-0012303440505}.Debug|Any CPU.ActiveCfg = Debug|Any CPU
		{3960B172-8970-6B5C-8091-0012303440505}.Debug|Any CPU.Build.0 = Debug|Any CPU
		{3960B172-8970-6B5C-8091-0012303440505}.Release|Any CPU.ActiveCfg = Release|Any CPU
		{3960B172-8970-6B5C-8091-0012303440505}.Release|Any CPU.Build.0 = Release|Any CPU
		{284FA061-785F-5A4B-7080-9001202330404}.Debug|Any CPU.ActiveCfg = Debug|Any CPU
		{284FA061-785F-5A4B-7080-9001202330404}.Debug|Any CPU.Build.0 = Debug|Any CPU
		{284FA061-785F-5A4B-7080-9001202330404}.Release|Any CPU.ActiveCfg = Release|Any CPU
		{284FA061-785F-5A4B-7080-9001202330404}.Release|Any CPU.Build.0 = Release|Any CPU
		{173E9F50-674E-493A-606F-8090101220303}.Debug|Any CPU.ActiveCfg = Debug|Any CPU
		{173E9F50-674E-493A-606F-8090101220303}.Debug|Any CPU.Build.0 = Debug|Any CPU
		{173E9F50-674E-493A-606F-8090101220303}.Release|Any CPU.ActiveCfg = Release|Any CPU
		{173E9F50-674E-493A-606F-8090101220303}.Release|Any CPU.Build.0 = Release|Any CPU
		{062D8E3F-563D-382F-505E-7089000110202}.Debug|Any CPU.ActiveCfg = Debug|Any CPU
		{062D8E3F-563D-382F-505E-7089000110202}.Debug|Any CPU.Build.0 = Debug|Any CPU
		{062D8E3F-563D-382F-505E-7089000110202}.Release|Any CPU.ActiveCfg = Release|Any CPU
		{062D8E3F-563D-382F-505E-7089000110202}.Release|Any CPU.Build.0 = Release|Any CPU
		{F51C2D3E-452C-271E-404D-6078909000101}.Debug|Any CPU.ActiveCfg = Debug|Any CPU
		{F51C2D3E-452C-271E-404D-6078909000101}.Debug|Any CPU.Build.0 = Debug|Any CPU
		{F51C2D3E-452C-271E-404D-6078909000101}.Release|Any CPU.ActiveCfg = Release|Any CPU
		{F51C2D3E-452C-271E-404D-6078909000101}.Release|Any CPU.Build.0 = Release|Any CPU
		{E40B1C2D-341B-160D-303C-5067808990000}.Debug|Any CPU.ActiveCfg = Debug|Any CPU
		{E40B1C2D-341B-160D-303C-5067808990000}.Debug|Any CPU.Build.0 = Debug|Any CPU
		{E40B1C2D-341B-160D-303C-5067808990000}.Release|Any CPU.ActiveCfg = Release|Any CPU
		{E40B1C2D-341B-160D-303C-5067808990000}.Release|Any CPU.Build.0 = Release|Any CPU
		{D3FA0B1C-230A-05FC-202B-4056707880909}.Debug|Any CPU.ActiveCfg = Debug|Any CPU
		{D3FA0B1C-230A-05FC-202B-4056707880909}.Debug|Any CPU.Build.0 = Debug|Any CPU
		{D3FA0B1C-230A-05FC-202B-4056707880909}.Release|Any CPU.ActiveCfg = Release|Any CPU
		{D3FA0B1C-230A-05FC-202B-4056707880909}.Release|Any CPU.Build.0 = Release|Any CPU
		{C2E9FA0B-12F9-F4EB-101A-3045606770808}.Debug|Any CPU.ActiveCfg = Debug|Any CPU
		{C2E9FA0B-12F9-F4EB-101A-3045606770808}.Debug|Any CPU.Build.0 = Debug|Any CPU
		{C2E9FA0B-12F9-F4EB-101A-3045606770808}.Release|Any CPU.ActiveCfg = Release|Any CPU
		{C2E9FA0B-12F9-F4EB-101A-3045606770808}.Release|Any CPU.Build.0 = Release|Any CPU
	EndGlobalSection
	GlobalSection(SolutionProperties) = preSolution
		HideSolutionNode = FALSE
	EndGlobalSection
	GlobalSection(NestedProjects) = preSolution
		{7C4F1A2E-3D4B-4B5F-9E8A-1C5D7E9F2A3B} = {8BB2717D-0F02-4D5E-BDFE-E7EBC3A7A1F8}
		{6B8A9C1D-2E3F-4C5D-8E9F-0A1B2C3D4E5F} = {8BB2717D-0F02-4D5E-BDFE-E7EBC3A7A1F8}
		{5A7B8C9D-1E2F-3A4B-7C8D-9E0F1A2B3C4D} = {8BB2717D-0F02-4D5E-BDFE-E7EBC3A7A1F8}
		{3E5F6A7B-9C0D-1E2F-5A6B-7C8D9E0F1A2B} = {7C4F1A2E-3D4B-4B5F-9E8A-1C5D7E9F2A3B}
		{2D4E5F6A-8B9C-0D1E-4F5A-6B7C8D9E0F1A} = {7C4F1A2E-3D4B-4B5F-9E8A-1C5D7E9F2A3B}
		{1C3D4E5F-7A8B-9C0D-3E4F-5A6B7C8D9E0F} = {7C4F1A2E-3D4B-4B5F-9E8A-1C5D7E9F2A3B}
		{0B2C3D4E-6F7A-8B9C-2D3E-4F5A6B7C8D9E} = {7C4F1A2E-3D4B-4B5F-9E8A-1C5D7E9F2A3B}
		{F1E2D3C4-B5A6-9788-0C1D-2E3F4A5B6C7D} = {3E5F6A7B-9C0D-1E2F-5A6B-7C8D9E0F1A2B}
		{E0D1C2B3-A495-8677-9B0C-1D2E3F4A5B6C} = {3E5F6A7B-9C0D-1E2F-5A6B-7C8D9E0F1A2B}
		{D9C0B1A2-9384-7566-8A9B-0C1D2E3F4A5B} = {3E5F6A7B-9C0D-1E2F-5A6B-7C8D9E0F1A2B}
		{C8B9A0D1-8273-6455-7980-9A0B1C2D3E4F} = {3E5F6A7B-9C0D-1E2F-5A6B-7C8D9E0F1A2B}
		{B7A8D9C0-7162-5344-6879-809A1B2C3D4E} = {2D4E5F6A-8B9C-0D1E-4F5A-6B7C8D9E0F1A}
		{A6D7C8B9-6051-4233-5768-7089A0B1C2D3} = {2D4E5F6A-8B9C-0D1E-4F5A-6B7C8D9E0F1A}
		{95C6B7A8-4F40-3122-4657-6078909A0B1C} = {2D4E5F6A-8B9C-0D1E-4F5A-6B7C8D9E0F1A}
		{84B5A6D7-3E2F-2011-3546-5067808990A0} = {2D4E5F6A-8B9C-0D1E-4F5A-6B7C8D9E0F1A}
		{73A4D5C6-2D1E-0F00-2435-4056707880909} = {1C3D4E5F-7A8B-9C0D-3E4F-5A6B7C8D9E0F}
		{6293B4A5-1C0D-9E8F-1324-3045606770808} = {1C3D4E5F-7A8B-9C0D-3E4F-5A6B7C8D9E0F}
		{5182A394-0B9C-8D7E-0213-2034505660707} = {1C3D4E5F-7A8B-9C0D-3E4F-5A6B7C8D9E0F}
		{4071A283-9A8B-7C6D-9102-1023404550606} = {1C3D4E5F-7A8B-9C0D-3E4F-5A6B7C8D9E0F}
		{3960B172-8970-6B5C-8091-0012303440505} = {0B2C3D4E-6F7A-8B9C-2D3E-4F5A6B7C8D9E}
		{284FA061-785F-5A4B-7080-9001202330404} = {0B2C3D4E-6F7A-8B9C-2D3E-4F5A6B7C8D9E}
		{173E9F50-674E-493A-606F-8090101220303} = {0B2C3D4E-6F7A-8B9C-2D3E-4F5A6B7C8D9E}
		{062D8E3F-563D-382F-505E-7089000110202} = {0B2C3D4E-6F7A-8B9C-2D3E-4F5A6B7C8D9E}
		{F51C2D3E-452C-271E-404D-6078909000101} = {6B8A9C1D-2E3F-4C5D-8E9F-0A1B2C3D4E5F}
		{E40B1C2D-341B-160D-303C-5067808990000} = {6B8A9C1D-2E3F-4C5D-8E9F-0A1B2C3D4E5F}
		{D3FA0B1C-230A-05FC-202B-4056707880909} = {5A7B8C9D-1E2F-3A4B-7C8D-9E0F1A2B3C4D}
		{C2E9FA0B-12F9-F4EB-101A-3045606770808} = {5A7B8C9D-1E2F-3A4B-7C8D-9E0F1A2B3C4D}
	EndGlobalSection
	GlobalSection(ExtensibilityGlobals) = postSolution
		SolutionGuid = {A1B2C3D4-E5F6-7890-ABCD-EF1234567890}
	EndGlobalSection
EndGlobal